
Microsoft Visual Studio Solution File, Format Version 12.00
# Visual Studio 15
Project("{FAE04EC0-301F-11D3-BF4B-00C04F79EFBC}") = "ACPCore.XamarinAndroidBinding", "ACPCore.XamarinAndroidBinding\ACPCore.XamarinAndroidBinding.csproj", "{782A7AF5-693F-4FF1-AA88-9AF838CE9E51}"
EndProject
Project("{FAE04EC0-301F-11D3-BF4B-00C04F79EFBC}") = "ACPIdentity.XamarinAndroidBinding", "ACPIdentity.XamarinAndroidBinding\ACPIdentity.XamarinAndroidBinding.csproj", "{913C9259-779D-4CC5-B6EB-3B5CDD4EB17A}"
EndProject
Project("{FAE04EC0-301F-11D3-BF4B-00C04F79EFBC}") = "ACPLifecycle.XamarinAndroidBinding", "ACPLifecycle.XamarinAndroidBinding\ACPLifecycle.XamarinAndroidBinding.csproj", "{A43A9090-B843-42A3-AF83-C3E67CD47C55}"
EndProject
Project("{FAE04EC0-301F-11D3-BF4B-00C04F79EFBC}") = "ACPSignal.XamarinAndroidBinding", "ACPSignal.XamarinAndroidBinding\ACPSignal.XamarinAndroidBinding.csproj", "{51C286CB-0E5D-473A-B94F-9F65B08153F7}"
EndProject
Global
	GlobalSection(SolutionConfigurationPlatforms) = preSolution
		Debug|Any CPU = Debug|Any CPU
		Release|Any CPU = Release|Any CPU
	EndGlobalSection
	GlobalSection(ProjectConfigurationPlatforms) = postSolution
		{782A7AF5-693F-4FF1-AA88-9AF838CE9E51}.Debug|Any CPU.ActiveCfg = Debug|Any CPU
		{782A7AF5-693F-4FF1-AA88-9AF838CE9E51}.Debug|Any CPU.Build.0 = Debug|Any CPU
		{782A7AF5-693F-4FF1-AA88-9AF838CE9E51}.Release|Any CPU.ActiveCfg = Release|Any CPU
		{782A7AF5-693F-4FF1-AA88-9AF838CE9E51}.Release|Any CPU.Build.0 = Release|Any CPU
		{913C9259-779D-4CC5-B6EB-3B5CDD4EB17A}.Debug|Any CPU.ActiveCfg = Debug|Any CPU
		{913C9259-779D-4CC5-B6EB-3B5CDD4EB17A}.Debug|Any CPU.Build.0 = Debug|Any CPU
		{913C9259-779D-4CC5-B6EB-3B5CDD4EB17A}.Release|Any CPU.ActiveCfg = Release|Any CPU
		{913C9259-779D-4CC5-B6EB-3B5CDD4EB17A}.Release|Any CPU.Build.0 = Release|Any CPU
		{A43A9090-B843-42A3-AF83-C3E67CD47C55}.Debug|Any CPU.ActiveCfg = Debug|Any CPU
		{A43A9090-B843-42A3-AF83-C3E67CD47C55}.Debug|Any CPU.Build.0 = Debug|Any CPU
		{A43A9090-B843-42A3-AF83-C3E67CD47C55}.Release|Any CPU.ActiveCfg = Release|Any CPU
		{A43A9090-B843-42A3-AF83-C3E67CD47C55}.Release|Any CPU.Build.0 = Release|Any CPU
		{51C286CB-0E5D-473A-B94F-9F65B08153F7}.Debug|Any CPU.ActiveCfg = Debug|Any CPU
		{51C286CB-0E5D-473A-B94F-9F65B08153F7}.Debug|Any CPU.Build.0 = Debug|Any CPU
		{51C286CB-0E5D-473A-B94F-9F65B08153F7}.Release|Any CPU.ActiveCfg = Release|Any CPU
		{51C286CB-0E5D-473A-B94F-9F65B08153F7}.Release|Any CPU.Build.0 = Release|Any CPU
	EndGlobalSection
EndGlobal
