
Microsoft Visual Studio Solution File, Format Version 12.00
# Visual Studio 15
Project("{FAE04EC0-301F-11D3-BF4B-00C04F79EFBC}") = "Adobe.ACPCore.Android", "Adobe.ACPCore.Android\Adobe.ACPCore.Android.csproj", "{782A7AF5-693F-4FF1-AA88-9AF838CE9E51}"
EndProject
Project("{FAE04EC0-301F-11D3-BF4B-00C04F79EFBC}") = "Adobe.ACPIdentity.Android", "Adobe.ACPIdentity.Android\Adobe.ACPIdentity.Android.csproj", "{913C9259-779D-4CC5-B6EB-3B5CDD4EB17A}"
EndProject
Project("{FAE04EC0-301F-11D3-BF4B-00C04F79EFBC}") = "Adobe.ACPCore.iOS", "Adobe.ACPCore.iOS\Adobe.ACPCore.iOS.csproj", "{2432F4D0-1B4F-44BF-828F-C5FAF7847894}"
EndProject
Project("{FAE04EC0-301F-11D3-BF4B-00C04F79EFBC}") = "ACPCoreTestApp.Android", "ACPCoreTestApp.Android\ACPCoreTestApp.Android.csproj", "{C0299855-5AAB-4575-8D04-4B98FAA8057E}"
EndProject
Project("{FAE04EC0-301F-11D3-BF4B-00C04F79EFBC}") = "ACPCoreTestApp.iOS", "ACPCoreTestApp.iOS\ACPCoreTestApp.iOS.csproj", "{9B929163-2E54-435D-ABEA-74D5C8BF2871}"
EndProject
Project("{FAE04EC0-301F-11D3-BF4B-00C04F79EFBC}") = "ACPCoreTestApp", "ACPCoreTestApp\ACPCoreTestApp.csproj", "{67520923-6DBA-4406-8C34-8D40B814D16C}"
EndProject
Project("{FAE04EC0-301F-11D3-BF4B-00C04F79EFBC}") = "ACPCoreAndroidUnitTests", "ACPCoreAndroidUnitTests\ACPCoreAndroidUnitTests.csproj", "{220E4728-DE25-484C-95E8-0F1994690795}"
EndProject
Project("{FAE04EC0-301F-11D3-BF4B-00C04F79EFBC}") = "Adobe.ACPLifecycle.Android", "Adobe.ACPLifecycle.Android\Adobe.ACPLifecycle.Android.csproj", "{A43A9090-B843-42A3-AF83-C3E67CD47C55}"
EndProject
Project("{FAE04EC0-301F-11D3-BF4B-00C04F79EFBC}") = "Adobe.ACPSignal.Android", "Adobe.ACPSignal.Android\Adobe.ACPSignal.Android.csproj", "{51C286CB-0E5D-473A-B94F-9F65B08153F7}"
EndProject
Project("{FAE04EC0-301F-11D3-BF4B-00C04F79EFBC}") = "ACPCoreiOSUnitTests", "ACPCoreiOSUnitTests\ACPCoreiOSUnitTests.csproj", "{286731AA-BD2A-414D-960D-07E069BE227C}"
EndProject
Global
	GlobalSection(SolutionConfigurationPlatforms) = preSolution
		Debug|Any CPU = Debug|Any CPU
		Release|Any CPU = Release|Any CPU
		Debug|iPhoneSimulator = Debug|iPhoneSimulator
		Release|iPhoneSimulator = Release|iPhoneSimulator
		Debug|iPhone = Debug|iPhone
		Release|iPhone = Release|iPhone
	EndGlobalSection
	GlobalSection(ProjectConfigurationPlatforms) = postSolution
		{913C9259-779D-4CC5-B6EB-3B5CDD4EB17A}.Debug|Any CPU.ActiveCfg = Debug|Any CPU
		{913C9259-779D-4CC5-B6EB-3B5CDD4EB17A}.Debug|Any CPU.Build.0 = Debug|Any CPU
		{913C9259-779D-4CC5-B6EB-3B5CDD4EB17A}.Release|Any CPU.ActiveCfg = Release|Any CPU
		{913C9259-779D-4CC5-B6EB-3B5CDD4EB17A}.Release|Any CPU.Build.0 = Release|Any CPU
		{913C9259-779D-4CC5-B6EB-3B5CDD4EB17A}.Debug|iPhoneSimulator.ActiveCfg = Debug|Any CPU
		{913C9259-779D-4CC5-B6EB-3B5CDD4EB17A}.Debug|iPhoneSimulator.Build.0 = Debug|Any CPU
		{913C9259-779D-4CC5-B6EB-3B5CDD4EB17A}.Release|iPhoneSimulator.ActiveCfg = Release|Any CPU
		{913C9259-779D-4CC5-B6EB-3B5CDD4EB17A}.Release|iPhoneSimulator.Build.0 = Release|Any CPU
		{913C9259-779D-4CC5-B6EB-3B5CDD4EB17A}.Debug|iPhone.ActiveCfg = Debug|Any CPU
		{913C9259-779D-4CC5-B6EB-3B5CDD4EB17A}.Debug|iPhone.Build.0 = Debug|Any CPU
		{913C9259-779D-4CC5-B6EB-3B5CDD4EB17A}.Release|iPhone.ActiveCfg = Release|Any CPU
		{913C9259-779D-4CC5-B6EB-3B5CDD4EB17A}.Release|iPhone.Build.0 = Release|Any CPU
		{2432F4D0-1B4F-44BF-828F-C5FAF7847894}.Debug|Any CPU.ActiveCfg = Debug|Any CPU
		{2432F4D0-1B4F-44BF-828F-C5FAF7847894}.Debug|Any CPU.Build.0 = Debug|Any CPU
		{2432F4D0-1B4F-44BF-828F-C5FAF7847894}.Release|Any CPU.ActiveCfg = Release|Any CPU
		{2432F4D0-1B4F-44BF-828F-C5FAF7847894}.Release|Any CPU.Build.0 = Release|Any CPU
		{2432F4D0-1B4F-44BF-828F-C5FAF7847894}.Debug|iPhoneSimulator.ActiveCfg = Debug|Any CPU
		{2432F4D0-1B4F-44BF-828F-C5FAF7847894}.Debug|iPhoneSimulator.Build.0 = Debug|Any CPU
		{2432F4D0-1B4F-44BF-828F-C5FAF7847894}.Release|iPhoneSimulator.ActiveCfg = Release|Any CPU
		{2432F4D0-1B4F-44BF-828F-C5FAF7847894}.Release|iPhoneSimulator.Build.0 = Release|Any CPU
		{2432F4D0-1B4F-44BF-828F-C5FAF7847894}.Debug|iPhone.ActiveCfg = Debug|Any CPU
		{2432F4D0-1B4F-44BF-828F-C5FAF7847894}.Debug|iPhone.Build.0 = Debug|Any CPU
		{2432F4D0-1B4F-44BF-828F-C5FAF7847894}.Release|iPhone.ActiveCfg = Release|Any CPU
		{2432F4D0-1B4F-44BF-828F-C5FAF7847894}.Release|iPhone.Build.0 = Release|Any CPU
		{C0299855-5AAB-4575-8D04-4B98FAA8057E}.Debug|Any CPU.ActiveCfg = Debug|Any CPU
		{C0299855-5AAB-4575-8D04-4B98FAA8057E}.Debug|Any CPU.Build.0 = Debug|Any CPU
		{C0299855-5AAB-4575-8D04-4B98FAA8057E}.Release|Any CPU.ActiveCfg = Release|Any CPU
		{C0299855-5AAB-4575-8D04-4B98FAA8057E}.Release|Any CPU.Build.0 = Release|Any CPU
		{C0299855-5AAB-4575-8D04-4B98FAA8057E}.Debug|iPhoneSimulator.ActiveCfg = Debug|Any CPU
		{C0299855-5AAB-4575-8D04-4B98FAA8057E}.Debug|iPhoneSimulator.Build.0 = Debug|Any CPU
		{C0299855-5AAB-4575-8D04-4B98FAA8057E}.Release|iPhoneSimulator.ActiveCfg = Release|Any CPU
		{C0299855-5AAB-4575-8D04-4B98FAA8057E}.Release|iPhoneSimulator.Build.0 = Release|Any CPU
		{C0299855-5AAB-4575-8D04-4B98FAA8057E}.Debug|iPhone.ActiveCfg = Debug|Any CPU
		{C0299855-5AAB-4575-8D04-4B98FAA8057E}.Debug|iPhone.Build.0 = Debug|Any CPU
		{C0299855-5AAB-4575-8D04-4B98FAA8057E}.Release|iPhone.ActiveCfg = Release|Any CPU
		{C0299855-5AAB-4575-8D04-4B98FAA8057E}.Release|iPhone.Build.0 = Release|Any CPU
		{9B929163-2E54-435D-ABEA-74D5C8BF2871}.Debug|Any CPU.ActiveCfg = Debug|iPhoneSimulator
		{9B929163-2E54-435D-ABEA-74D5C8BF2871}.Debug|Any CPU.Build.0 = Debug|iPhoneSimulator
		{9B929163-2E54-435D-ABEA-74D5C8BF2871}.Release|Any CPU.ActiveCfg = Release|iPhoneSimulator
		{9B929163-2E54-435D-ABEA-74D5C8BF2871}.Release|Any CPU.Build.0 = Release|iPhoneSimulator
		{9B929163-2E54-435D-ABEA-74D5C8BF2871}.Debug|iPhoneSimulator.ActiveCfg = Debug|iPhoneSimulator
		{9B929163-2E54-435D-ABEA-74D5C8BF2871}.Debug|iPhoneSimulator.Build.0 = Debug|iPhoneSimulator
		{9B929163-2E54-435D-ABEA-74D5C8BF2871}.Release|iPhoneSimulator.ActiveCfg = Release|iPhoneSimulator
		{9B929163-2E54-435D-ABEA-74D5C8BF2871}.Release|iPhoneSimulator.Build.0 = Release|iPhoneSimulator
		{9B929163-2E54-435D-ABEA-74D5C8BF2871}.Debug|iPhone.ActiveCfg = Debug|iPhone
		{9B929163-2E54-435D-ABEA-74D5C8BF2871}.Debug|iPhone.Build.0 = Debug|iPhone
		{9B929163-2E54-435D-ABEA-74D5C8BF2871}.Release|iPhone.ActiveCfg = Release|iPhone
		{9B929163-2E54-435D-ABEA-74D5C8BF2871}.Release|iPhone.Build.0 = Release|iPhone
		{67520923-6DBA-4406-8C34-8D40B814D16C}.Debug|Any CPU.ActiveCfg = Debug|Any CPU
		{67520923-6DBA-4406-8C34-8D40B814D16C}.Debug|Any CPU.Build.0 = Debug|Any CPU
		{67520923-6DBA-4406-8C34-8D40B814D16C}.Release|Any CPU.ActiveCfg = Release|Any CPU
		{67520923-6DBA-4406-8C34-8D40B814D16C}.Release|Any CPU.Build.0 = Release|Any CPU
		{67520923-6DBA-4406-8C34-8D40B814D16C}.Debug|iPhoneSimulator.ActiveCfg = Debug|Any CPU
		{67520923-6DBA-4406-8C34-8D40B814D16C}.Debug|iPhoneSimulator.Build.0 = Debug|Any CPU
		{67520923-6DBA-4406-8C34-8D40B814D16C}.Release|iPhoneSimulator.ActiveCfg = Release|Any CPU
		{67520923-6DBA-4406-8C34-8D40B814D16C}.Release|iPhoneSimulator.Build.0 = Release|Any CPU
		{67520923-6DBA-4406-8C34-8D40B814D16C}.Debug|iPhone.ActiveCfg = Debug|Any CPU
		{67520923-6DBA-4406-8C34-8D40B814D16C}.Debug|iPhone.Build.0 = Debug|Any CPU
		{67520923-6DBA-4406-8C34-8D40B814D16C}.Release|iPhone.ActiveCfg = Release|Any CPU
		{67520923-6DBA-4406-8C34-8D40B814D16C}.Release|iPhone.Build.0 = Release|Any CPU
		{BBBA71EE-FFD9-4CBC-9317-CA3CF0CBE9BE}.Debug|Any CPU.ActiveCfg = Debug|Any CPU
		{BBBA71EE-FFD9-4CBC-9317-CA3CF0CBE9BE}.Debug|Any CPU.Build.0 = Debug|Any CPU
		{BBBA71EE-FFD9-4CBC-9317-CA3CF0CBE9BE}.Release|Any CPU.ActiveCfg = Release|Any CPU
		{BBBA71EE-FFD9-4CBC-9317-CA3CF0CBE9BE}.Release|Any CPU.Build.0 = Release|Any CPU
		{BBBA71EE-FFD9-4CBC-9317-CA3CF0CBE9BE}.Debug|iPhoneSimulator.ActiveCfg = Debug|Any CPU
		{BBBA71EE-FFD9-4CBC-9317-CA3CF0CBE9BE}.Debug|iPhoneSimulator.Build.0 = Debug|Any CPU
		{BBBA71EE-FFD9-4CBC-9317-CA3CF0CBE9BE}.Release|iPhoneSimulator.ActiveCfg = Release|Any CPU
		{BBBA71EE-FFD9-4CBC-9317-CA3CF0CBE9BE}.Release|iPhoneSimulator.Build.0 = Release|Any CPU
		{BBBA71EE-FFD9-4CBC-9317-CA3CF0CBE9BE}.Debug|iPhone.ActiveCfg = Debug|Any CPU
		{BBBA71EE-FFD9-4CBC-9317-CA3CF0CBE9BE}.Debug|iPhone.Build.0 = Debug|Any CPU
		{BBBA71EE-FFD9-4CBC-9317-CA3CF0CBE9BE}.Release|iPhone.ActiveCfg = Release|Any CPU
		{BBBA71EE-FFD9-4CBC-9317-CA3CF0CBE9BE}.Release|iPhone.Build.0 = Release|Any CPU
		{782A7AF5-693F-4FF1-AA88-9AF838CE9E51}.Debug|Any CPU.ActiveCfg = Debug|Any CPU
		{782A7AF5-693F-4FF1-AA88-9AF838CE9E51}.Debug|Any CPU.Build.0 = Debug|Any CPU
		{782A7AF5-693F-4FF1-AA88-9AF838CE9E51}.Release|Any CPU.ActiveCfg = Release|Any CPU
		{782A7AF5-693F-4FF1-AA88-9AF838CE9E51}.Release|Any CPU.Build.0 = Release|Any CPU
		{220E4728-DE25-484C-95E8-0F1994690795}.Debug|Any CPU.ActiveCfg = Debug|Any CPU
		{220E4728-DE25-484C-95E8-0F1994690795}.Debug|Any CPU.Build.0 = Debug|Any CPU
		{220E4728-DE25-484C-95E8-0F1994690795}.Release|Any CPU.ActiveCfg = Release|Any CPU
		{220E4728-DE25-484C-95E8-0F1994690795}.Release|Any CPU.Build.0 = Release|Any CPU
		{220E4728-DE25-484C-95E8-0F1994690795}.Debug|iPhoneSimulator.ActiveCfg = Debug|Any CPU
		{220E4728-DE25-484C-95E8-0F1994690795}.Debug|iPhoneSimulator.Build.0 = Debug|Any CPU
		{220E4728-DE25-484C-95E8-0F1994690795}.Release|iPhoneSimulator.ActiveCfg = Release|Any CPU
		{220E4728-DE25-484C-95E8-0F1994690795}.Release|iPhoneSimulator.Build.0 = Release|Any CPU
		{220E4728-DE25-484C-95E8-0F1994690795}.Debug|iPhone.ActiveCfg = Debug|Any CPU
		{220E4728-DE25-484C-95E8-0F1994690795}.Debug|iPhone.Build.0 = Debug|Any CPU
		{220E4728-DE25-484C-95E8-0F1994690795}.Release|iPhone.ActiveCfg = Release|Any CPU
		{220E4728-DE25-484C-95E8-0F1994690795}.Release|iPhone.Build.0 = Release|Any CPU
		{A43A9090-B843-42A3-AF83-C3E67CD47C55}.Debug|Any CPU.ActiveCfg = Debug|Any CPU
		{A43A9090-B843-42A3-AF83-C3E67CD47C55}.Debug|Any CPU.Build.0 = Debug|Any CPU
		{A43A9090-B843-42A3-AF83-C3E67CD47C55}.Release|Any CPU.ActiveCfg = Release|Any CPU
		{A43A9090-B843-42A3-AF83-C3E67CD47C55}.Release|Any CPU.Build.0 = Release|Any CPU
		{A43A9090-B843-42A3-AF83-C3E67CD47C55}.Debug|iPhoneSimulator.ActiveCfg = Debug|Any CPU
		{A43A9090-B843-42A3-AF83-C3E67CD47C55}.Debug|iPhoneSimulator.Build.0 = Debug|Any CPU
		{A43A9090-B843-42A3-AF83-C3E67CD47C55}.Release|iPhoneSimulator.ActiveCfg = Release|Any CPU
		{A43A9090-B843-42A3-AF83-C3E67CD47C55}.Release|iPhoneSimulator.Build.0 = Release|Any CPU
		{A43A9090-B843-42A3-AF83-C3E67CD47C55}.Debug|iPhone.ActiveCfg = Debug|Any CPU
		{A43A9090-B843-42A3-AF83-C3E67CD47C55}.Debug|iPhone.Build.0 = Debug|Any CPU
		{A43A9090-B843-42A3-AF83-C3E67CD47C55}.Release|iPhone.ActiveCfg = Release|Any CPU
		{A43A9090-B843-42A3-AF83-C3E67CD47C55}.Release|iPhone.Build.0 = Release|Any CPU
		{51C286CB-0E5D-473A-B94F-9F65B08153F7}.Debug|Any CPU.ActiveCfg = Debug|Any CPU
		{51C286CB-0E5D-473A-B94F-9F65B08153F7}.Debug|Any CPU.Build.0 = Debug|Any CPU
		{51C286CB-0E5D-473A-B94F-9F65B08153F7}.Release|Any CPU.ActiveCfg = Release|Any CPU
		{51C286CB-0E5D-473A-B94F-9F65B08153F7}.Release|Any CPU.Build.0 = Release|Any CPU
		{51C286CB-0E5D-473A-B94F-9F65B08153F7}.Debug|iPhoneSimulator.ActiveCfg = Debug|Any CPU
		{51C286CB-0E5D-473A-B94F-9F65B08153F7}.Debug|iPhoneSimulator.Build.0 = Debug|Any CPU
		{51C286CB-0E5D-473A-B94F-9F65B08153F7}.Release|iPhoneSimulator.ActiveCfg = Release|Any CPU
		{51C286CB-0E5D-473A-B94F-9F65B08153F7}.Release|iPhoneSimulator.Build.0 = Release|Any CPU
		{51C286CB-0E5D-473A-B94F-9F65B08153F7}.Debug|iPhone.ActiveCfg = Debug|Any CPU
		{51C286CB-0E5D-473A-B94F-9F65B08153F7}.Debug|iPhone.Build.0 = Debug|Any CPU
		{51C286CB-0E5D-473A-B94F-9F65B08153F7}.Release|iPhone.ActiveCfg = Release|Any CPU
		{51C286CB-0E5D-473A-B94F-9F65B08153F7}.Release|iPhone.Build.0 = Release|Any CPU
		{286731AA-BD2A-414D-960D-07E069BE227C}.Debug|Any CPU.ActiveCfg = Debug|iPhoneSimulator
		{286731AA-BD2A-414D-960D-07E069BE227C}.Debug|Any CPU.Build.0 = Debug|iPhoneSimulator
		{286731AA-BD2A-414D-960D-07E069BE227C}.Release|Any CPU.ActiveCfg = Release|iPhoneSimulator
		{286731AA-BD2A-414D-960D-07E069BE227C}.Release|Any CPU.Build.0 = Release|iPhoneSimulator
		{286731AA-BD2A-414D-960D-07E069BE227C}.Debug|iPhoneSimulator.ActiveCfg = Debug|iPhoneSimulator
		{286731AA-BD2A-414D-960D-07E069BE227C}.Debug|iPhoneSimulator.Build.0 = Debug|iPhoneSimulator
		{286731AA-BD2A-414D-960D-07E069BE227C}.Release|iPhoneSimulator.ActiveCfg = Release|iPhoneSimulator
		{286731AA-BD2A-414D-960D-07E069BE227C}.Release|iPhoneSimulator.Build.0 = Release|iPhoneSimulator
		{286731AA-BD2A-414D-960D-07E069BE227C}.Debug|iPhone.ActiveCfg = Debug|iPhone
		{286731AA-BD2A-414D-960D-07E069BE227C}.Debug|iPhone.Build.0 = Debug|iPhone
		{286731AA-BD2A-414D-960D-07E069BE227C}.Release|iPhone.ActiveCfg = Release|iPhone
		{286731AA-BD2A-414D-960D-07E069BE227C}.Release|iPhone.Build.0 = Release|iPhone
	EndGlobalSection
EndGlobal
